Microsoft Visual Studio Solution File, Format Version 12.00
# Visual Studio Version 17
VisualStudioVersion = 17.5.2.0
MinimumVisualStudioVersion = 10.0.40219.1
Project("{FAE04EC0-301F-11D3-BF4B-00C04F79EFBC}") = "AI_assistent", "AI_assistent.csproj", "{4FD4C89F-1463-C787-9D89-C8DAF7A5F99E}"
EndProject
Global
	GlobalSection(SolutionConfigurationPlatforms) = preSolution
		Debug|Any CPU = Debug|Any CPU
		Release|Any CPU = Release|Any CPU
	EndGlobalSection
	GlobalSection(ProjectConfigurationPlatforms) = postSolution
		{4FD4C89F-1463-C787-9D89-C8DAF7A5F99E}.Debug|Any CPU.ActiveCfg = Debug|Any CPU
		{4FD4C89F-1463-C787-9D89-C8DAF7A5F99E}.Debug|Any CPU.Build.0 = Debug|Any CPU
		{4FD4C89F-1463-C787-9D89-C8DAF7A5F99E}.Release|Any CPU.ActiveCfg = Release|Any CPU
		{4FD4C89F-1463-C787-9D89-C8DAF7A5F99E}.Release|Any CPU.Build.0 = Release|Any CPU
	EndGlobalSection
	GlobalSection(SolutionProperties) = preSolution
		HideSolutionNode = FALSE
	EndGlobalSection
	GlobalSection(ExtensibilityGlobals) = postSolution
		SolutionGuid = {37151B41-4FFF-4140-B8B1-DD19FC2BC3B9}
	EndGlobalSection
EndGlobal
